
Microsoft Visual Studio Solution File, Format Version 12.00
# Visual Studio 15
VisualStudioVersion = 15.0.27703.2000
MinimumVisualStudioVersion = 10.0.40219.1
Project("{9A19103F-16F7-4668-BE54-9A1E7A4F7556}") = "StoreWebAPI", "StoreWebAPI\StoreWebAPI.csproj", "{2C32AD7E-6991-421F-9060-9D38872F072B}"
EndProject
Project("{9A19103F-16F7-4668-BE54-9A1E7A4F7556}") = "BL", "BL\BL.csproj", "{4C9BB0E6-3187-41E2-ABC4-F813B0BDF519}"
EndProject
Project("{9A19103F-16F7-4668-BE54-9A1E7A4F7556}") = "DAL", "DAL\DAL.csproj", "{9FA701D0-EE3A-410A-9644-78504C485C2E}"
EndProject
Project("{FAE04EC0-301F-11D3-BF4B-00C04F79EFBC}") = "Tests", "Tests\Tests.csproj", "{30E14780-7E4E-4CB4-A20D-92F45D8B5D0C}"
EndProject
Global
	GlobalSection(SolutionConfigurationPlatforms) = preSolution
		Debug|Any CPU = Debug|Any CPU
		Release|Any CPU = Release|Any CPU
	EndGlobalSection
	GlobalSection(ProjectConfigurationPlatforms) = postSolution
		{2C32AD7E-6991-421F-9060-9D38872F072B}.Debug|Any CPU.ActiveCfg = Debug|Any CPU
		{2C32AD7E-6991-421F-9060-9D38872F072B}.Debug|Any CPU.Build.0 = Debug|Any CPU
		{2C32AD7E-6991-421F-9060-9D38872F072B}.Release|Any CPU.ActiveCfg = Release|Any CPU
		{2C32AD7E-6991-421F-9060-9D38872F072B}.Release|Any CPU.Build.0 = Release|Any CPU
		{4C9BB0E6-3187-41E2-ABC4-F813B0BDF519}.Debug|Any CPU.ActiveCfg = Debug|Any CPU
		{4C9BB0E6-3187-41E2-ABC4-F813B0BDF519}.Debug|Any CPU.Build.0 = Debug|Any CPU
		{4C9BB0E6-3187-41E2-ABC4-F813B0BDF519}.Release|Any CPU.ActiveCfg = Release|Any CPU
		{4C9BB0E6-3187-41E2-ABC4-F813B0BDF519}.Release|Any CPU.Build.0 = Release|Any CPU
		{9FA701D0-EE3A-410A-9644-78504C485C2E}.Debug|Any CPU.ActiveCfg = Debug|Any CPU
		{9FA701D0-EE3A-410A-9644-78504C485C2E}.Debug|Any CPU.Build.0 = Debug|Any CPU
		{9FA701D0-EE3A-410A-9644-78504C485C2E}.Release|Any CPU.ActiveCfg = Release|Any CPU
		{9FA701D0-EE3A-410A-9644-78504C485C2E}.Release|Any CPU.Build.0 = Release|Any CPU
		{30E14780-7E4E-4CB4-A20D-92F45D8B5D0C}.Debug|Any CPU.ActiveCfg = Debug|Any CPU
		{30E14780-7E4E-4CB4-A20D-92F45D8B5D0C}.Debug|Any CPU.Build.0 = Debug|Any CPU
		{30E14780-7E4E-4CB4-A20D-92F45D8B5D0C}.Release|Any CPU.ActiveCfg = Release|Any CPU
		{30E14780-7E4E-4CB4-A20D-92F45D8B5D0C}.Release|Any CPU.Build.0 = Release|Any CPU
	EndGlobalSection
	GlobalSection(SolutionProperties) = preSolution
		HideSolutionNode = FALSE
	EndGlobalSection
	GlobalSection(ExtensibilityGlobals) = postSolution
		SolutionGuid = {74734F5E-3023-4698-A41A-339374CDDFE5}
	EndGlobalSection
EndGlobal
